// !$*UTF8*$!
{
	archiveVersion = 1;
	classes = {
	};
	objectVersion = 51;
	objects = {

/* Begin PBXBuildFile section */
		270DF30D25ED17EA002D71C5 /* TextNode.swift in Sources */ = {isa = PBXBuildFile; fileRef = 270DF30C25ED17EA002D71C5 /* TextNode.swift */; };
		279330A425E53F0100470748 /* AppDelegate.swift in Sources */ = {isa = PBXBuildFile; fileRef = 279330A325E53F0100470748 /* AppDelegate.swift */; };
		279330A825E53F0100470748 /* ViewController.swift in Sources */ = {isa = PBXBuildFile; fileRef = 279330A725E53F0100470748 /* ViewController.swift */; };
		279330AD25E53F0100470748 /* Assets.xcassets in Resources */ = {isa = PBXBuildFile; fileRef = 279330AC25E53F0100470748 /* Assets.xcassets */; };
		279330B025E53F0100470748 /* LaunchScreen.storyboard in Resources */ = {isa = PBXBuildFile; fileRef = 279330AE25E53F0100470748 /* LaunchScreen.storyboard */; };
		279330E025E5464500470748 /* NSObject+IGListDiffable.swift in Sources */ = {isa = PBXBuildFile; fileRef = 279330DE25E5464500470748 /* NSObject+IGListDiffable.swift */; };
		279330E625E546C400470748 /* Post.swift in Sources */ = {isa = PBXBuildFile; fileRef = 279330E525E546C400470748 /* Post.swift */; };
		279330F325E54A8000470748 /* ImageNode.swift in Sources */ = {isa = PBXBuildFile; fileRef = 279330F225E54A8000470748 /* ImageNode.swift */; };
		27A9E42325E64DCE00F44983 /* GridLayout.swift in Sources */ = {isa = PBXBuildFile; fileRef = 27A9E42225E64DCE00F44983 /* GridLayout.swift */; };
		27A9E42A25E6929500F44983 /* PostSectionController.swift in Sources */ = {isa = PBXBuildFile; fileRef = 27A9E42925E6929500F44983 /* PostSectionController.swift */; };
		27B35480261850A4008B4C31 /* UICollectionViewWeightLayout.swift in Sources */ = {isa = PBXBuildFile; fileRef = 27B3547F261850A4008B4C31 /* UICollectionViewWeightLayout.swift */; };
		478A958A86482D6261257477 /* Pods_ExploreLayout.framework in Frameworks */ = {isa = PBXBuildFile; fileRef = C0CD5AB12D5FCDA57CC541D2 /* Pods_ExploreLayout.framework */; };
/* End PBXBuildFile section */

/* Begin PBXFileReference section */
		00186103604A8FF23C794DF7 /* Pods-ExploreLayout.release.xcconfig */ = {isa = PBXFileReference; includeInIndex = 1; lastKnownFileType = text.xcconfig; name = "Pods-ExploreLayout.release.xcconfig"; path = "Target Support Files/Pods-ExploreLayout/Pods-ExploreLayout.release.xcconfig"; sourceTree = "<group>"; };
		270DF30C25ED17EA002D71C5 /* TextNode.swift */ = {isa = PBXFileReference; lastKnownFileType = sourcecode.swift; path = TextNode.swift; sourceTree = "<group>"; };
		279330A025E53F0100470748 /* ExploreLayout.app */ = {isa = PBXFileReference; explicitFileType = wrapper.application; includeInIndex = 0; path = ExploreLayout.app; sourceTree = BUILT_PRODUCTS_DIR; };
		279330A325E53F0100470748 /* AppDelegate.swift */ = {isa = PBXFileReference; lastKnownFileType = sourcecode.swift; path = AppDelegate.swift; sourceTree = "<group>"; };
		279330A725E53F0100470748 /* ViewController.swift */ = {isa = PBXFileReference; lastKnownFileType = sourcecode.swift; path = ViewController.swift; sourceTree = "<group>"; };
		279330AC25E53F0100470748 /* Assets.xcassets */ = {isa = PBXFileReference; lastKnownFileType = folder.assetcatalog; path = Assets.xcassets; sourceTree = "<group>"; };
		279330AF25E53F0100470748 /* Base */ = {isa = PBXFileReference; lastKnownFileType = file.storyboard; name = Base; path = Base.lproj/LaunchScreen.storyboard; sourceTree = "<group>"; };
		279330B125E53F0100470748 /* Info.plist */ = {isa = PBXFileReference; lastKnownFileType = text.plist.xml; path = Info.plist; sourceTree = "<group>"; };
		279330DE25E5464500470748 /* NSObject+IGListDiffable.swift */ = {isa = PBXFileReference; fileEncoding = 4; lastKnownFileType = sourcecode.swift; path = "NSObject+IGListDiffable.swift"; sourceTree = "<group>"; };
		279330E525E546C400470748 /* Post.swift */ = {isa = PBXFileReference; lastKnownFileType = sourcecode.swift; path = Post.swift; sourceTree = "<group>"; };
		279330F225E54A8000470748 /* ImageNode.swift */ = {isa = PBXFileReference; lastKnownFileType = sourcecode.swift; path = ImageNode.swift; sourceTree = "<group>"; };
		27A9E42225E64DCE00F44983 /* GridLayout.swift */ = {isa = PBXFileReference; fileEncoding = 4; lastKnownFileType = sourcecode.swift; path = GridLayout.swift; sourceTree = "<group>"; };
		27A9E42925E6929500F44983 /* PostSectionController.swift */ = {isa = PBXFileReference; lastKnownFileType = sourcecode.swift; path = PostSectionController.swift; sourceTree = "<group>"; };
		27B3547F261850A4008B4C31 /* UICollectionViewWeightLayout.swift */ = {isa = PBXFileReference; fileEncoding = 4; lastKnownFileType = sourcecode.swift; path = UICollectionViewWeightLayout.swift; sourceTree = "<group>"; };
		6219F204799F296A228559CC /* Pods-ExploreLayout.debug.xcconfig */ = {isa = PBXFileReference; includeInIndex = 1; lastKnownFileType = text.xcconfig; name = "Pods-ExploreLayout.debug.xcconfig"; path = "Target Support Files/Pods-ExploreLayout/Pods-ExploreLayout.debug.xcconfig"; sourceTree = "<group>"; };
		A1D021E47A4FC23E597AA7E0 /* Pods-InstaSearch.debug.xcconfig */ = {isa = PBXFileReference; includeInIndex = 1; lastKnownFileType = text.xcconfig; name = "Pods-InstaSearch.debug.xcconfig"; path = "Target Support Files/Pods-InstaSearch/Pods-InstaSearch.debug.xcconfig"; sourceTree = "<group>"; };
		C0CD5AB12D5FCDA57CC541D2 /* Pods_ExploreLayout.framework */ = {isa = PBXFileReference; explicitFileType = wrapper.framework; includeInIndex = 0; path = Pods_ExploreLayout.framework; sourceTree = BUILT_PRODUCTS_DIR; };
		CEE6D61A55457B1C1A3D588F /* Pods-InstaSearch.release.xcconfig */ = {isa = PBXFileReference; includeInIndex = 1; lastKnownFileType = text.xcconfig; name = "Pods-InstaSearch.release.xcconfig"; path = "Target Support Files/Pods-InstaSearch/Pods-InstaSearch.release.xcconfig"; sourceTree = "<group>"; };
/* End PBXFileReference section */

/* Begin PBXFrameworksBuildPhase section */
		2793309D25E53F0100470748 /* Frameworks */ = {
			isa = PBXFrameworksBuildPhase;
			buildActionMask = 2147483647;
			files = (
				478A958A86482D6261257477 /* Pods_ExploreLayout.framework in Frameworks */,
			);
			runOnlyForDeploymentPostprocessing = 0;
		};
/* End PBXFrameworksBuildPhase section */

/* Begin PBXGroup section */
		2793309725E53F0100470748 = {
			isa = PBXGroup;
			children = (
				279330A225E53F0100470748 /* ExploreLayout */,
				279330A125E53F0100470748 /* Products */,
				E046A7A2A2D3B04FA1A6EDC5 /* Pods */,
				75639070F43244AE00B41AE4 /* Frameworks */,
			);
			sourceTree = "<group>";
		};
		279330A125E53F0100470748 /* Products */ = {
			isa = PBXGroup;
			children = (
				279330A025E53F0100470748 /* ExploreLayout.app */,
			);
			name = Products;
			sourceTree = "<group>";
		};
		279330A225E53F0100470748 /* ExploreLayout */ = {
			isa = PBXGroup;
			children = (
				279330B825E53F1D00470748 /* App */,
				279330DD25E5463D00470748 /* Extensions */,
				279330E425E546AD00470748 /* Model */,
				279330F125E54A6A00470748 /* Nodes */,
				279330BA25E53F7C00470748 /* Layout */,
				279330EC25E5492B00470748 /* Section Controller */,
				279330BE25E53F9000470748 /* VC */,
			);
			path = ExploreLayout;
			sourceTree = "<group>";
		};
		279330B825E53F1D00470748 /* App */ = {
			isa = PBXGroup;
			children = (
				279330A325E53F0100470748 /* AppDelegate.swift */,
				279330AC25E53F0100470748 /* Assets.xcassets */,
				279330AE25E53F0100470748 /* LaunchScreen.storyboard */,
				279330B125E53F0100470748 /* Info.plist */,
			);
			path = App;
			sourceTree = "<group>";
		};
		279330BA25E53F7C00470748 /* Layout */ = {
			isa = PBXGroup;
			children = (
				27A9E42225E64DCE00F44983 /* GridLayout.swift */,
				27B3547F261850A4008B4C31 /* UICollectionViewWeightLayout.swift */,
			);
			path = Layout;
			sourceTree = "<group>";
		};
		279330BE25E53F9000470748 /* VC */ = {
			isa = PBXGroup;
			children = (
				279330A725E53F0100470748 /* ViewController.swift */,
			);
			path = VC;
			sourceTree = "<group>";
		};
		279330DD25E5463D00470748 /* Extensions */ = {
			isa = PBXGroup;
			children = (
				279330DE25E5464500470748 /* NSObject+IGListDiffable.swift */,
			);
			path = Extensions;
			sourceTree = "<group>";
		};
		279330E425E546AD00470748 /* Model */ = {
			isa = PBXGroup;
			children = (
				279330E525E546C400470748 /* Post.swift */,
			);
			path = Model;
			sourceTree = "<group>";
		};
		279330EC25E5492B00470748 /* Section Controller */ = {
			isa = PBXGroup;
			children = (
				27A9E42925E6929500F44983 /* PostSectionController.swift */,
			);
			path = "Section Controller";
			sourceTree = "<group>";
		};
		279330F125E54A6A00470748 /* Nodes */ = {
			isa = PBXGroup;
			children = (
				279330F225E54A8000470748 /* ImageNode.swift */,
				270DF30C25ED17EA002D71C5 /* TextNode.swift */,
			);
			path = Nodes;
			sourceTree = "<group>";
		};
		75639070F43244AE00B41AE4 /* Frameworks */ = {
			isa = PBXGroup;
			children = (
				C0CD5AB12D5FCDA57CC541D2 /* Pods_ExploreLayout.framework */,
			);
			name = Frameworks;
			sourceTree = "<group>";
		};
		E046A7A2A2D3B04FA1A6EDC5 /* Pods */ = {
			isa = PBXGroup;
			children = (
				A1D021E47A4FC23E597AA7E0 /* Pods-InstaSearch.debug.xcconfig */,
				CEE6D61A55457B1C1A3D588F /* Pods-InstaSearch.release.xcconfig */,
				6219F204799F296A228559CC /* Pods-ExploreLayout.debug.xcconfig */,
				00186103604A8FF23C794DF7 /* Pods-ExploreLayout.release.xcconfig */,
			);
			path = Pods;
			sourceTree = "<group>";
		};
/* End PBXGroup section */

/* Begin PBXNativeTarget section */
		2793309F25E53F0100470748 /* ExploreLayout */ = {
			isa = PBXNativeTarget;
			buildConfigurationList = 279330B425E53F0100470748 /* Build configuration list for PBXNativeTarget "ExploreLayout" */;
			buildPhases = (
				8D4A3552CAEAF8733DBB7C55 /* [CP] Check Pods Manifest.lock */,
				2793309C25E53F0100470748 /* Sources */,
				2793309D25E53F0100470748 /* Frameworks */,
				2793309E25E53F0100470748 /* Resources */,
				A0CB4CF07288E2048353A47F /* [CP] Embed Pods Frameworks */,
			);
			buildRules = (
			);
			dependencies = (
			);
			name = ExploreLayout;
			productName = InstaSearch;
			productReference = 279330A025E53F0100470748 /* ExploreLayout.app */;
			productType = "com.apple.product-type.application";
		};
/* End PBXNativeTarget section */

/* Begin PBXProject section */
		2793309825E53F0100470748 /* Project object */ = {
			isa = PBXProject;
			attributes = {
				LastSwiftUpdateCheck = 1240;
				LastUpgradeCheck = 1240;
				TargetAttributes = {
					2793309F25E53F0100470748 = {
						CreatedOnToolsVersion = 12.4;
					};
				};
			};
			buildConfigurationList = 2793309B25E53F0100470748 /* Build configuration list for PBXProject "ExploreLayout" */;
			compatibilityVersion = "Xcode 9.3";
			developmentRegion = en;
			hasScannedForEncodings = 0;
			knownRegions = (
				en,
				Base,
			);
			mainGroup = 2793309725E53F0100470748;
			productRefGroup = 279330A125E53F0100470748 /* Products */;
			projectDirPath = "";
			projectRoot = "";
			targets = (
				2793309F25E53F0100470748 /* ExploreLayout */,
			);
		};
/* End PBXProject section */

/* Begin PBXResourcesBuildPhase section */
		2793309E25E53F0100470748 /* Resources */ = {
			isa = PBXResourcesBuildPhase;
			buildActionMask = 2147483647;
			files = (
				279330B025E53F0100470748 /* LaunchScreen.storyboard in Resources */,
				279330AD25E53F0100470748 /* Assets.xcassets in Resources */,
			);
			runOnlyForDeploymentPostprocessing = 0;
		};
/* End PBXResourcesBuildPhase section */

/* Begin PBXShellScriptBuildPhase section */
		8D4A3552CAEAF8733DBB7C55 /* [CP] Check Pods Manifest.lock */ = {
			isa = PBXShellScriptBuildPhase;
			buildActionMask = 2147483647;
			files = (
			);
			inputFileListPaths = (
			);
			inputPaths = (
				"${PODS_PODFILE_DIR_PATH}/Podfile.lock",
				"${PODS_ROOT}/Manifest.lock",
			);
			name = "[CP] Check Pods Manifest.lock";
			outputFileListPaths = (
			);
			outputPaths = (
				"$(DERIVED_FILE_DIR)/Pods-ExploreLayout-checkManifestLockResult.txt",
			);
			runOnlyForDeploymentPostprocessing = 0;
			shellPath = /bin/sh;
			shellScript = "diff \"${PODS_PODFILE_DIR_PATH}/Podfile.lock\" \"${PODS_ROOT}/Manifest.lock\" > /dev/null\nif [ $? != 0 ] ; then\n    # print error to STDERR\n    echo \"error: The sandbox is not in sync with the Podfile.lock. Run 'pod install' or update your CocoaPods installation.\" >&2\n    exit 1\nfi\n# This output is used by Xcode 'outputs' to avoid re-running this script phase.\necho \"SUCCESS\" > \"${SCRIPT_OUTPUT_FILE_0}\"\n";
			showEnvVarsInLog = 0;
		};
		A0CB4CF07288E2048353A47F /* [CP] Embed Pods Frameworks */ = {
			isa = PBXShellScriptBuildPhase;
			buildActionMask = 2147483647;
			files = (
			);
			inputFileListPaths = (
				"${PODS_ROOT}/Target Support Files/Pods-ExploreLayout/Pods-ExploreLayout-frameworks-${CONFIGURATION}-input-files.xcfilelist",
			);
			name = "[CP] Embed Pods Frameworks";
			outputFileListPaths = (
				"${PODS_ROOT}/Target Support Files/Pods-ExploreLayout/Pods-ExploreLayout-frameworks-${CONFIGURATION}-output-files.xcfilelist",
			);
			runOnlyForDeploymentPostprocessing = 0;
			shellPath = /bin/sh;
			shellScript = "\"${PODS_ROOT}/Target Support Files/Pods-ExploreLayout/Pods-ExploreLayout-frameworks.sh\"\n";
			showEnvVarsInLog = 0;
		};
/* End PBXShellScriptBuildPhase section */

/* Begin PBXSourcesBuildPhase section */
		2793309C25E53F0100470748 /* Sources */ = {
			isa = PBXSourcesBuildPhase;
			buildActionMask = 2147483647;
			files = (
				27A9E42A25E6929500F44983 /* PostSectionController.swift in Sources */,
				27B35480261850A4008B4C31 /* UICollectionViewWeightLayout.swift in Sources */,
				279330E025E5464500470748 /* NSObject+IGListDiffable.swift in Sources */,
				279330E625E546C400470748 /* Post.swift in Sources */,
				279330A825E53F0100470748 /* ViewController.swift in Sources */,
				279330F325E54A8000470748 /* ImageNode.swift in Sources */,
				27A9E42325E64DCE00F44983 /* GridLayout.swift in Sources */,
				270DF30D25ED17EA002D71C5 /* TextNode.swift in Sources */,
				279330A425E53F0100470748 /* AppDelegate.swift in Sources */,
			);
			runOnlyForDeploymentPostprocessing = 0;
		};
/* End PBXSourcesBuildPhase section */

/* Begin PBXVariantGroup section */
		279330AE25E53F0100470748 /* LaunchScreen.storyboard */ = {
			isa = PBXVariantGroup;
			children = (
				279330AF25E53F0100470748 /* Base */,
			);
			name = LaunchScreen.storyboard;
			sourceTree = "<group>";
		};
/* End PBXVariantGroup section */

/* Begin XCBuildConfiguration section */
		279330B225E53F0100470748 /* Debug */ = {
			isa = XCBuildConfiguration;
			buildSettings = {
				ALWAYS_SEARCH_USER_PATHS = NO;
				CLANG_ANALYZER_NONNULL = YES;
				CLANG_ANALYZER_NUMBER_OBJECT_CONVERSION = YES_AGGRESSIVE;
				CLANG_CXX_LANGUAGE_STANDARD = "gnu++14";
				CLANG_CXX_LIBRARY = "libc++";
				CLANG_ENABLE_MODULES = YES;
				CLANG_ENABLE_OBJC_ARC = YES;
				CLANG_ENABLE_OBJC_WEAK = YES;
				CLANG_WARN_BLOCK_CAPTURE_AUTORELEASING = YES;
				CLANG_WARN_BOOL_CONVERSION = YES;
				CLANG_WARN_COMMA = YES;
				CLANG_WARN_CONSTANT_CONVERSION = YES;
				CLANG_WARN_DEPRECATED_OBJC_IMPLEMENTATIONS = YES;
				CLANG_WARN_DIRECT_OBJC_ISA_USAGE = YES_ERROR;
				CLANG_WARN_DOCUMENTATION_COMMENTS = YES;
				CLANG_WARN_EMPTY_BODY = YES;
				CLANG_WARN_ENUM_CONVERSION = YES;
				CLANG_WARN_INFINITE_RECURSION = YES;
				CLANG_WARN_INT_CONVERSION = YES;
				CLANG_WARN_NON_LITERAL_NULL_CONVERSION = YES;
				CLANG_WARN_OBJC_IMPLICIT_RETAIN_SELF = YES;
				CLANG_WARN_OBJC_LITERAL_CONVERSION = YES;
				CLANG_WARN_OBJC_ROOT_CLASS = YES_ERROR;
				CLANG_WARN_QUOTED_INCLUDE_IN_FRAMEWORK_HEADER = YES;
				CLANG_WARN_RANGE_LOOP_ANALYSIS = YES;
				CLANG_WARN_STRICT_PROTOTYPES = YES;
				CLANG_WARN_SUSPICIOUS_MOVE = YES;
				CLANG_WARN_UNGUARDED_AVAILABILITY = YES_AGGRESSIVE;
				CLANG_WARN_UNREACHABLE_CODE = YES;
				CLANG_WARN__DUPLICATE_METHOD_MATCH = YES;
				COPY_PHASE_STRIP = NO;
				DEBUG_INFORMATION_FORMAT = dwarf;
				ENABLE_STRICT_OBJC_MSGSEND = YES;
				ENABLE_TESTABILITY = YES;
				GCC_C_LANGUAGE_STANDARD = gnu11;
				GCC_DYNAMIC_NO_PIC = NO;
				GCC_NO_COMMON_BLOCKS = YES;
				GCC_OPTIMIZATION_LEVEL = 0;
				GCC_PREPROCESSOR_DEFINITIONS = (
					"DEBUG=1",
					"$(inherited)",
				);
				GCC_WARN_64_TO_32_BIT_CONVERSION = YES;
				GCC_WARN_ABOUT_RETURN_TYPE = YES_ERROR;
				GCC_WARN_UNDECLARED_SELECTOR = YES;
				GCC_WARN_UNINITIALIZED_AUTOS = YES_AGGRESSIVE;
				GCC_WARN_UNUSED_FUNCTION = YES;
				GCC_WARN_UNUSED_VARIABLE = YES;
				IPHONEOS_DEPLOYMENT_TARGET = 14.4;
				MTL_ENABLE_DEBUG_INFO = INCLUDE_SOURCE;
				MTL_FAST_MATH = YES;
				ONLY_ACTIVE_ARCH = YES;
				SDKROOT = iphoneos;
				SWIFT_ACTIVE_COMPILATION_CONDITIONS = DEBUG;
				SWIFT_OPTIMIZATION_LEVEL = "-Onone";
			};
			name = Debug;
		};
		279330B325E53F0100470748 /* Release */ = {
			isa = XCBuildConfiguration;
			buildSettings = {
				ALWAYS_SEARCH_USER_PATHS = NO;
				CLANG_ANALYZER_NONNULL = YES;
				CLANG_ANALYZER_NUMBER_OBJECT_CONVERSION = YES_AGGRESSIVE;
				CLANG_CXX_LANGUAGE_STANDARD = "gnu++14";
				CLANG_CXX_LIBRARY = "libc++";
				CLANG_ENABLE_MODULES = YES;
				CLANG_ENABLE_OBJC_ARC = YES;
				CLANG_ENABLE_OBJC_WEAK = YES;
				CLANG_WARN_BLOCK_CAPTURE_AUTORELEASING = YES;
				CLANG_WARN_BOOL_CONVERSION = YES;
				CLANG_WARN_COMMA = YES;
				CLANG_WARN_CONSTANT_CONVERSION = YES;
				CLANG_WARN_DEPRECATED_OBJC_IMPLEMENTATIONS = YES;
				CLANG_WARN_DIRECT_OBJC_ISA_USAGE = YES_ERROR;
				CLANG_WARN_DOCUMENTATION_COMMENTS = YES;
				CLANG_WARN_EMPTY_BODY = YES;
				CLANG_WARN_ENUM_CONVERSION = YES;
				CLANG_WARN_INFINITE_RECURSION = YES;
				CLANG_WARN_INT_CONVERSION = YES;
				CLANG_WARN_NON_LITERAL_NULL_CONVERSION = YES;
				CLANG_WARN_OBJC_IMPLICIT_RETAIN_SELF = YES;
				CLANG_WARN_OBJC_LITERAL_CONVERSION = YES;
				CLANG_WARN_OBJC_ROOT_CLASS = YES_ERROR;
				CLANG_WARN_QUOTED_INCLUDE_IN_FRAMEWORK_HEADER = YES;
				CLANG_WARN_RANGE_LOOP_ANALYSIS = YES;
				CLANG_WARN_STRICT_PROTOTYPES = YES;
				CLANG_WARN_SUSPICIOUS_MOVE = YES;
				CLANG_WARN_UNGUARDED_AVAILABILITY = YES_AGGRESSIVE;
				CLANG_WARN_UNREACHABLE_CODE = YES;
				CLANG_WARN__DUPLICATE_METHOD_MATCH = YES;
				COPY_PHASE_STRIP = NO;
				DEBUG_INFORMATION_FORMAT = "dwarf-with-dsym";
				ENABLE_NS_ASSERTIONS = NO;
				ENABLE_STRICT_OBJC_MSGSEND = YES;
				GCC_C_LANGUAGE_STANDARD = gnu11;
				GCC_NO_COMMON_BLOCKS = YES;
				GCC_WARN_64_TO_32_BIT_CONVERSION = YES;
				GCC_WARN_ABOUT_RETURN_TYPE = YES_ERROR;
				GCC_WARN_UNDECLARED_SELECTOR = YES;
				GCC_WARN_UNINITIALIZED_AUTOS = YES_AGGRESSIVE;
				GCC_WARN_UNUSED_FUNCTION = YES;
				GCC_WARN_UNUSED_VARIABLE = YES;
				IPHONEOS_DEPLOYMENT_TARGET = 14.4;
				MTL_ENABLE_DEBUG_INFO = NO;
				MTL_FAST_MATH = YES;
				SDKROOT = iphoneos;
				SWIFT_COMPILATION_MODE = wholemodule;
				SWIFT_OPTIMIZATION_LEVEL = "-O";
				VALIDATE_PRODUCT = YES;
			};
			name = Release;
		};
		279330B525E53F0100470748 /* Debug */ = {
			isa = XCBuildConfiguration;
			baseConfigurationReference = 6219F204799F296A228559CC /* Pods-ExploreLayout.debug.xcconfig */;
			buildSettings = {
				ASSETCATALOG_COMPILER_APPICON_NAME = AppIcon;
				ASSETCATALOG_COMPILER_GLOBAL_ACCENT_COLOR_NAME = AccentColor;
				CODE_SIGN_STYLE = Automatic;
				DEVELOPMENT_TEAM = 6U23444BFT;
				INFOPLIST_FILE = ExploreLayout/App/Info.plist;
				IPHONEOS_DEPLOYMENT_TARGET = 12.3;
				LD_RUNPATH_SEARCH_PATHS = (
					"$(inherited)",
					"@executable_path/Frameworks",
				);
				PRODUCT_BUNDLE_IDENTIFIER = ir.rubika.ExploreLayout;
				PRODUCT_NAME = "$(TARGET_NAME)";
				SWIFT_VERSION = 5.0;
				TARGETED_DEVICE_FAMILY = "1,2";
			};
			name = Debug;
		};
		279330B625E53F0100470748 /* Release */ = {
			isa = XCBuildConfiguration;
			baseConfigurationReference = 00186103604A8FF23C794DF7 /* Pods-ExploreLayout.release.xcconfig */;
			buildSettings = {
				ASSETCATALOG_COMPILER_APPICON_NAME = AppIcon;
				ASSETCATALOG_COMPILER_GLOBAL_ACCENT_COLOR_NAME = AccentColor;
				CODE_SIGN_STYLE = Automatic;
				DEVELOPMENT_TEAM = 6U23444BFT;
				INFOPLIST_FILE = ExploreLayout/App/Info.plist;
				IPHONEOS_DEPLOYMENT_TARGET = 12.3;
				LD_RUNPATH_SEARCH_PATHS = (
					"$(inherited)",
					"@executable_path/Frameworks",
				);
				PRODUCT_BUNDLE_IDENTIFIER = ir.rubika.ExploreLayout;
				PRODUCT_NAME = "$(TARGET_NAME)";
				SWIFT_VERSION = 5.0;
				TARGETED_DEVICE_FAMILY = "1,2";
			};
			name = Release;
		};
/* End XCBuildConfiguration section */

/* Begin XCConfigurationList section */
		2793309B25E53F0100470748 /* Build configuration list for PBXProject "ExploreLayout" */ = {
			isa = XCConfigurationList;
			buildConfigurations = (
				279330B225E53F0100470748 /* Debug */,
				279330B325E53F0100470748 /* Release */,
			);
			defaultConfigurationIsVisible = 0;
			defaultConfigurationName = Release;
		};
		279330B425E53F0100470748 /* Build configuration list for PBXNativeTarget "ExploreLayout" */ = {
			isa = XCConfigurationList;
			buildConfigurations = (
				279330B525E53F0100470748 /* Debug */,
				279330B625E53F0100470748 /* Release */,
			);
			defaultConfigurationIsVisible = 0;
			defaultConfigurationName = Release;
		};
/* End XCConfigurationList section */
	};
	rootObject = 2793309825E53F0100470748 /* Project object */;
}
